{
  "name": "bioetl-setup-mermaid",
  "lockfileVersion": 3,
  "requires": true,
  "packages": {
    "": {
      "name": "bioetl-setup-mermaid",
      "dependencies": {
        "@mermaid-js/mermaid-cli": "10.6.1",
        "svgo": "3.3.2"
      }
    },
    "node_modules/@mermaid-js/mermaid-cli": {
      "version": "10.6.1",
      "resolved": "https://registry.npmjs.org/@mermaid-js/mermaid-cli/-/mermaid-cli-10.6.1.tgz",
      "integrity": "sha512-OH2uOXW3/GBaMGagVF7Fzu/9TJrGge+Bu/+Tm8OyIaRBaKa2NN+3SggJOmr5s51oTPaGKu/X1XBDoauvtlXAPg==",
      "license": "MIT",
      "dependencies": {
        "chalk": "^5.0.1",
        "commander": "^10.0.0",
        "puppeteer": "^19.0.0"
      },
      "bin": {
        "mmdc": "src/cli.js"
      },
      "engines": {
        "node": "^14.13 || >=16.0"
      }
    },
    "node_modules/svgo": {
      "version": "3.3.2",
      "resolved": "https://registry.npmjs.org/svgo/-/svgo-3.3.2.tgz",
      "integrity": "sha512-OoohrmuUlBs8B8o6MB2Aevn+pRIH9zDALSR+6hhqVfa6fRwG/Qw9VUMSMW9VNg2CFc/MTIfabtdOVl9ODIJjpw==",
      "license": "MIT",
      "dependencies": {
        "@trysound/sax": "0.2.0",
        "commander": "^7.2.0",
        "css-select": "^5.1.0",
        "css-tree": "^2.3.1",
        "css-what": "^6.1.0",
        "csso": "^5.0.5",
        "picocolors": "^1.0.0"
      },
      "bin": {
        "svgo": "bin/svgo"
      },
      "engines": {
        "node": ">=14.0.0"
      }
    }
  }
}
