{
  "name": "BioactivityDataAcquisition2",
  "lockfileVersion": 3,
  "requires": true,
  "packages": {
    "": {
      "dependencies": {
        "@openai/codex-sdk": "^0.73.0"
      }
    },
    "node_modules/@openai/codex-sdk": {
      "version": "0.73.0",
      "resolved": "https://registry.npmjs.org/@openai/codex-sdk/-/codex-sdk-0.73.0.tgz",
      "integrity": "sha512-aqjsBSjBNYr5bZL4G+fBw8mRxOWcYWOQU5+0/UP8qSOtvn1y9r6Q0JNY8UJYiMJs5z6UYSJyfuc0XDNopDkGyw==",
      "license": "Apache-2.0",
      "engines": {
        "node": ">=18"
      }
    }
  }
}
